dependencies:
- name: grafana
  repository: https://grafana.github.io/helm-charts
  version: 10.5.15
- name: loki
  repository: https://grafana.github.io/helm-charts
  version: 7.3.0
- name: tempo
  repository: https://grafana.github.io/helm-charts
  version: 1.24.4
- name: mimir-distributed
  repository: https://grafana.github.io/helm-charts
  version: 6.2.0
- name: alloy
  repository: https://grafana.github.io/helm-charts
  version: 1.12.1
- name: prometheus
  repository: https://prometheus-community.github.io/helm-charts
  version: 29.27.0
digest: sha256:84b1f2446765d6b0a9a8786d654f6afbe5c748c86ec1793721d64ec4d91e57c7
generated: "2026-09-03T15:57:01.3350036+08:00"
